
Microsoft Visual Studio Solution File, Format Version 12.00
# Visual Studio Version 16
VisualStudioVersion = 16.0.30406.217
MinimumVisualStudioVersion = 10.0.40219.1
Project("{FAE04EC0-301F-11D3-BF4B-00C04F79EFBC}") = "GymPal", "GymPal\GymPal.csproj", "{2C5AA242-8CFE-4316-9069-F8489756ED4A}"
EndProject
Global
	GlobalSection(SolutionConfigurationPlatforms) = preSolution
		Debug|Any CPU = Debug|Any CPU
		Release|Any CPU = Release|Any CPU
	EndGlobalSection
	GlobalSection(ProjectConfigurationPlatforms) = postSolution
		{2C5AA242-8CFE-4316-9069-F8489756ED4A}.Debug|Any CPU.ActiveCfg = Debug|Any CPU
		{2C5AA242-8CFE-4316-9069-F8489756ED4A}.Debug|Any CPU.Build.0 = Debug|Any CPU
		{2C5AA242-8CFE-4316-9069-F8489756ED4A}.Release|Any CPU.ActiveCfg = Release|Any CPU
		{2C5AA242-8CFE-4316-9069-F8489756ED4A}.Release|Any CPU.Build.0 = Release|Any CPU
	EndGlobalSection
	GlobalSection(SolutionProperties) = preSolution
		HideSolutionNode = FALSE
	EndGlobalSection
	GlobalSection(ExtensibilityGlobals) = postSolution
		SolutionGuid = {BA58E529-9264-4E49-8704-E5423BFDDB46}
	EndGlobalSection
EndGlobal
